
Microsoft Visual Studio Solution File, Format Version 12.00
# Visual Studio Version 17
VisualStudioVersion = 17.0.32014.148
MinimumVisualStudioVersion = 10.0.40219.1
Project("{FAE04EC0-301F-11D3-BF4B-00C04F79EFBC}") = "ImageProcessing", "ImageProcessing\ImageProcessing.csproj", "{5FC3F0AE-C742-4097-A5E9-2E8FCD9F4D2B}"
EndProject
Project("{2150E333-8FDC-42A3-9474-1A3956D46DE8}") = "Solution Items", "Solution Items", "{2E4C8350-5579-4265-AD7C-47F8AAF74E98}"
	ProjectSection(SolutionItems) = preProject
		.editorconfig = .editorconfig
	EndProjectSection
EndProject
Global
	GlobalSection(SolutionConfigurationPlatforms) = preSolution
		Debug|Any CPU = Debug|Any CPU
		Release|Any CPU = Release|Any CPU
	EndGlobalSection
	GlobalSection(ProjectConfigurationPlatforms) = postSolution
		{5FC3F0AE-C742-4097-A5E9-2E8FCD9F4D2B}.Debug|Any CPU.ActiveCfg = Debug|Any CPU
		{5FC3F0AE-C742-4097-A5E9-2E8FCD9F4D2B}.Debug|Any CPU.Build.0 = Debug|Any CPU
		{5FC3F0AE-C742-4097-A5E9-2E8FCD9F4D2B}.Release|Any CPU.ActiveCfg = Release|Any CPU
		{5FC3F0AE-C742-4097-A5E9-2E8FCD9F4D2B}.Release|Any CPU.Build.0 = Release|Any CPU
	EndGlobalSection
	GlobalSection(SolutionProperties) = preSolution
		HideSolutionNode = FALSE
	EndGlobalSection
	GlobalSection(ExtensibilityGlobals) = postSolution
		SolutionGuid = {C1C05B08-975C-45DC-874E-D346E78F4614}
	EndGlobalSection
EndGlobal
